
Microsoft Visual Studio Solution File, Format Version 12.00
# Visual Studio Version 17
VisualStudioVersion = 17.3.32714.290
MinimumVisualStudioVersion = 10.0.40219.1
Project("{9A19103F-16F7-4668-BE54-9A1E7A4F7556}") = "WorkerContagem", "WorkerContagem.csproj", "{03E9E508-5430-40F7-9DEC-5A45FF25FAF1}"
EndProject
Global
	GlobalSection(SolutionConfigurationPlatforms) = preSolution
		Debug|Any CPU = Debug|Any CPU
		Release|Any CPU = Release|Any CPU
	EndGlobalSection
	GlobalSection(ProjectConfigurationPlatforms) = postSolution
		{03E9E508-5430-40F7-9DEC-5A45FF25FAF1}.Debug|Any CPU.ActiveCfg = Debug|Any CPU
		{03E9E508-5430-40F7-9DEC-5A45FF25FAF1}.Debug|Any CPU.Build.0 = Debug|Any CPU
		{03E9E508-5430-40F7-9DEC-5A45FF25FAF1}.Release|Any CPU.ActiveCfg = Release|Any CPU
		{03E9E508-5430-40F7-9DEC-5A45FF25FAF1}.Release|Any CPU.Build.0 = Release|Any CPU
	EndGlobalSection
	GlobalSection(SolutionProperties) = preSolution
		HideSolutionNode = FALSE
	EndGlobalSection
	GlobalSection(ExtensibilityGlobals) = postSolution
		SolutionGuid = {BE4921C4-EFD2-456C-B23C-992451D655F6}
	EndGlobalSection
EndGlobal
